{
    "name": "advent-of-code",
    "version": "1.0.0",
    "lockfileVersion": 3,
    "requires": true,
    "packages": {
        "": {
            "name": "advent-of-code",
            "version": "1.0.0",
            "devDependencies": {
                "@swc/core": "^1.3.100",
                "@types/lodash": "*",
                "@types/node": "*",
                "dijkstrajs": "^1.0.3",
                "husky": "^8.0.3",
                "lodash": "^4.17.21",
                "prettier": "^2.8.8",
                "pretty-quick": "^3.1.3",
                "regenerator-runtime": "^0.14.1",
                "ts-node": "^10.9.2",
                "tsconfig-paths": "^3.12.0",
                "typescript": "^5.7.2"
            }
        },
        "node_modules/@cspotcode/source-map-support": {
            "version": "0.8.1",
            "resolved": "https://registry.npmjs.org/@cspotcode/source-map-support/-/source-map-support-0.8.1.tgz",
            "integrity": "sha512-IchNf6dN4tHoMFIn/7OE8LWZ19Y6q/67Bmf6vnGREv8RSbBVb9LPJxEcnwrcwX6ixSvaiGoomAUvu4YSxXrVgw==",
            "dev": true,
            "license": "MIT",
            "dependencies": {
                "@jridgewell/trace-mapping": "0.3.9"
            },
            "engines": {
                "node": ">=12"
            }
        },
        "node_modules/@jridgewell/resolve-uri": {
            "version": "3.1.2",
            "resolved": "https://registry.npmjs.org/@jridgewell/resolve-uri/-/resolve-uri-3.1.2.tgz",
            "integrity": "sha512-bRISgCIjP20/tbWSPWMEi54QVPRZExkuD9lJL+UIxUKtwVJA8wW1Trb1jMs1RFXo1CBTNZ/5hpC9QvmKWdopKw==",
            "dev": true,
            "license": "MIT",
            "engines": {
                "node": ">=6.0.0"
            }
        },
        "node_modules/@jridgewell/sourcemap-codec": {
            "version": "1.5.0",
            "resolved": "https://registry.npmjs.org/@jridgewell/sourcemap-codec/-/sourcemap-codec-1.5.0.tgz",
            "integrity": "sha512-gv3ZRaISU3fjPAgNsriBRqGWQL6quFx04YMPW/zD8XMLsU32mhCCbfbO6KZFLjvYpCZ8zyDEgqsgf+PwPaM7GQ==",
            "dev": true,
            "license": "MIT"
        },
        "node_modules/@jridgewell/trace-mapping": {
            "version": "0.3.9",
            "resolved": "https://registry.npmjs.org/@jridgewell/trace-mapping/-/trace-mapping-0.3.9.tgz",
            "integrity": "sha512-3Belt6tdc8bPgAtbcmdtNJlirVoTmEb5e2gC94PnkwEW9jI6CAHUeoG85tjWP5WquqfavoMtMwiG4P926ZKKuQ==",
            "dev": true,
            "license": "MIT",
            "dependencies": {
                "@jridgewell/resolve-uri": "^3.0.3",
                "@jridgewell/sourcemap-codec": "^1.4.10"
            }
        },
        "node_modules/@swc/core": {
            "version": "1.9.3",
            "resolved": "https://registry.npmjs.org/@swc/core/-/core-1.9.3.tgz",
            "integrity": "sha512-oRj0AFePUhtatX+BscVhnzaAmWjpfAeySpM1TCbxA1rtBDeH/JDhi5yYzAKneDYtVtBvA7ApfeuzhMC9ye4xSg==",
            "dev": true,
            "hasInstallScript": true,
            "license": "Apache-2.0",
            "dependencies": {
                "@swc/counter": "^0.1.3",
                "@swc/types": "^0.1.17"
            },
            "engines": {
                "node": ">=10"
            },
            "funding": {
                "type": "opencollective",
                "url": "https://opencollective.com/swc"
            },
            "optionalDependencies": {
                "@swc/core-darwin-arm64": "1.9.3",
                "@swc/core-darwin-x64": "1.9.3",
                "@swc/core-linux-arm-gnueabihf": "1.9.3",
                "@swc/core-linux-arm64-gnu": "1.9.3",
                "@swc/core-linux-arm64-musl": "1.9.3",
                "@swc/core-linux-x64-gnu": "1.9.3",
                "@swc/core-linux-x64-musl": "1.9.3",
                "@swc/core-win32-arm64-msvc": "1.9.3",
                "@swc/core-win32-ia32-msvc": "1.9.3",
                "@swc/core-win32-x64-msvc": "1.9.3"
            },
            "peerDependencies": {
                "@swc/helpers": "*"
            },
            "peerDependenciesMeta": {
                "@swc/helpers": {
                    "optional": true
                }
            }
        },
        "node_modules/@swc/core-darwin-arm64": {
            "version": "1.9.3",
            "resolved": "https://registry.npmjs.org/@swc/core-darwin-arm64/-/core-darwin-arm64-1.9.3.tgz",
            "integrity": "sha512-hGfl/KTic/QY4tB9DkTbNuxy5cV4IeejpPD4zo+Lzt4iLlDWIeANL4Fkg67FiVceNJboqg48CUX+APhDHO5G1w==",
            "cpu": [
                "arm64"
            ],
            "dev": true,
            "license": "Apache-2.0 AND MIT",
            "optional": true,
            "os": [
                "darwin"
            ],
            "engines": {
                "node": ">=10"
            }
        },
        "node_modules/@swc/core-darwin-x64": {
            "version": "1.9.3",
            "resolved": "https://registry.npmjs.org/@swc/core-darwin-x64/-/core-darwin-x64-1.9.3.tgz",
            "integrity": "sha512-IaRq05ZLdtgF5h9CzlcgaNHyg4VXuiStnOFpfNEMuI5fm5afP2S0FHq8WdakUz5WppsbddTdplL+vpeApt/WCQ==",
            "cpu": [
                "x64"
            ],
            "dev": true,
            "license": "Apache-2.0 AND MIT",
            "optional": true,
            "os": [
                "darwin"
            ],
            "engines": {
                "node": ">=10"
            }
        },
        "node_modules/@swc/core-linux-arm-gnueabihf": {
            "version": "1.9.3",
            "resolved": "https://registry.npmjs.org/@swc/core-linux-arm-gnueabihf/-/core-linux-arm-gnueabihf-1.9.3.tgz",
            "integrity": "sha512-Pbwe7xYprj/nEnZrNBvZfjnTxlBIcfApAGdz2EROhjpPj+FBqBa3wOogqbsuGGBdCphf8S+KPprL1z+oDWkmSQ==",
            "cpu": [
                "arm"
            ],
            "dev": true,
            "license": "Apache-2.0",
            "optional": true,
            "os": [
                "linux"
            ],
            "engines": {
                "node": ">=10"
            }
        },
        "node_modules/@swc/core-linux-arm64-gnu": {
            "version": "1.9.3",
            "resolved": "https://registry.npmjs.org/@swc/core-linux-arm64-gnu/-/core-linux-arm64-gnu-1.9.3.tgz",
            "integrity": "sha512-AQ5JZiwNGVV/2K2TVulg0mw/3LYfqpjZO6jDPtR2evNbk9Yt57YsVzS+3vHSlUBQDRV9/jqMuZYVU3P13xrk+g==",
            "cpu": [
                "arm64"
            ],
            "dev": true,
            "license": "Apache-2.0 AND MIT",
            "optional": true,
            "os": [
                "linux"
            ],
            "engines": {
                "node": ">=10"
            }
        },
        "node_modules/@swc/core-linux-arm64-musl": {
            "version": "1.9.3",
            "resolved": "https://registry.npmjs.org/@swc/core-linux-arm64-musl/-/core-linux-arm64-musl-1.9.3.tgz",
            "integrity": "sha512-tzVH480RY6RbMl/QRgh5HK3zn1ZTFsThuxDGo6Iuk1MdwIbdFYUY034heWUTI4u3Db97ArKh0hNL0xhO3+PZdg==",
            "cpu": [
                "arm64"
            ],
            "dev": true,
            "license": "Apache-2.0 AND MIT",
            "optional": true,
            "os": [
                "linux"
            ],
            "engines": {
                "node": ">=10"
            }
        },
        "node_modules/@swc/core-linux-x64-gnu": {
            "version": "1.9.3",
            "resolved": "https://registry.npmjs.org/@swc/core-linux-x64-gnu/-/core-linux-x64-gnu-1.9.3.tgz",
            "integrity": "sha512-ivXXBRDXDc9k4cdv10R21ccBmGebVOwKXT/UdH1PhxUn9m/h8erAWjz5pcELwjiMf27WokqPgaWVfaclDbgE+w==",
            "cpu": [
                "x64"
            ],
            "dev": true,
            "license": "Apache-2.0 AND MIT",
            "optional": true,
            "os": [
                "linux"
            ],
            "engines": {
                "node": ">=10"
            }
        },
        "node_modules/@swc/core-linux-x64-musl": {
            "version": "1.9.3",
            "resolved": "https://registry.npmjs.org/@swc/core-linux-x64-musl/-/core-linux-x64-musl-1.9.3.tgz",
            "integrity": "sha512-ILsGMgfnOz1HwdDz+ZgEuomIwkP1PHT6maigZxaCIuC6OPEhKE8uYna22uU63XvYcLQvZYDzpR3ms47WQPuNEg==",
            "cpu": [
                "x64"
            ],
            "dev": true,
            "license": "Apache-2.0 AND MIT",
            "optional": true,
            "os": [
                "linux"
            ],
            "engines": {
                "node": ">=10"
            }
        },
        "node_modules/@swc/core-win32-arm64-msvc": {
            "version": "1.9.3",
            "resolved": "https://registry.npmjs.org/@swc/core-win32-arm64-msvc/-/core-win32-arm64-msvc-1.9.3.tgz",
            "integrity": "sha512-e+XmltDVIHieUnNJHtspn6B+PCcFOMYXNJB1GqoCcyinkEIQNwC8KtWgMqUucUbEWJkPc35NHy9k8aCXRmw9Kg==",
            "cpu": [
                "arm64"
            ],
            "dev": true,
            "license": "Apache-2.0 AND MIT",
            "optional": true,
            "os": [
                "win32"
            ],
            "engines": {
                "node": ">=10"
            }
        },
        "node_modules/@swc/core-win32-ia32-msvc": {
            "version": "1.9.3",
            "resolved": "https://registry.npmjs.org/@swc/core-win32-ia32-msvc/-/core-win32-ia32-msvc-1.9.3.tgz",
            "integrity": "sha512-rqpzNfpAooSL4UfQnHhkW8aL+oyjqJniDP0qwZfGnjDoJSbtPysHg2LpcOBEdSnEH+uIZq6J96qf0ZFD8AGfXA==",
            "cpu": [
                "ia32"
            ],
            "dev": true,
            "license": "Apache-2.0 AND MIT",
            "optional": true,
            "os": [
                "win32"
            ],
            "engines": {
                "node": ">=10"
            }
        },
        "node_modules/@swc/core-win32-x64-msvc": {
            "version": "1.9.3",
            "resolved": "https://registry.npmjs.org/@swc/core-win32-x64-msvc/-/core-win32-x64-msvc-1.9.3.tgz",
            "integrity": "sha512-3YJJLQ5suIEHEKc1GHtqVq475guiyqisKSoUnoaRtxkDaW5g1yvPt9IoSLOe2mRs7+FFhGGU693RsBUSwOXSdQ==",
            "cpu": [
                "x64"
            ],
            "dev": true,
            "license": "Apache-2.0 AND MIT",
            "optional": true,
            "os": [
                "win32"
            ],
            "engines": {
                "node": ">=10"
            }
        },
        "node_modules/@swc/counter": {
            "version": "0.1.3",
            "resolved": "https://registry.npmjs.org/@swc/counter/-/counter-0.1.3.tgz",
            "integrity": "sha512-e2BR4lsJkkRlKZ/qCHPw9ZaSxc0MVUd7gtbtaB7aMvHeJVYe8sOB8DBZkP2DtISHGSku9sCK6T6cnY0CtXrOCQ==",
            "dev": true,
            "license": "Apache-2.0"
        },
        "node_modules/@swc/types": {
            "version": "0.1.17",
            "resolved": "https://registry.npmjs.org/@swc/types/-/types-0.1.17.tgz",
            "integrity": "sha512-V5gRru+aD8YVyCOMAjMpWR1Ui577DD5KSJsHP8RAxopAH22jFz6GZd/qxqjO6MJHQhcsjvjOFXyDhyLQUnMveQ==",
            "dev": true,
            "license": "Apache-2.0",
            "dependencies": {
                "@swc/counter": "^0.1.3"
            }
        },
        "node_modules/@tsconfig/node10": {
            "version": "1.0.11",
            "resolved": "https://registry.npmjs.org/@tsconfig/node10/-/node10-1.0.11.tgz",
            "integrity": "sha512-DcRjDCujK/kCk/cUe8Xz8ZSpm8mS3mNNpta+jGCA6USEDfktlNvm1+IuZ9eTcDbNk41BHwpHHeW+N1lKCz4zOw==",
            "dev": true,
            "license": "MIT"
        },
        "node_modules/@tsconfig/node12": {
            "version": "1.0.11",
            "resolved": "https://registry.npmjs.org/@tsconfig/node12/-/node12-1.0.11.tgz",
            "integrity": "sha512-cqefuRsh12pWyGsIoBKJA9luFu3mRxCA+ORZvA4ktLSzIuCUtWVxGIuXigEwO5/ywWFMZ2QEGKWvkZG1zDMTag==",
            "dev": true,
            "license": "MIT"
        },
        "node_modules/@tsconfig/node14": {
            "version": "1.0.3",
            "resolved": "https://registry.npmjs.org/@tsconfig/node14/-/node14-1.0.3.tgz",
            "integrity": "sha512-ysT8mhdixWK6Hw3i1V2AeRqZ5WfXg1G43mqoYlM2nc6388Fq5jcXyr5mRsqViLx/GJYdoL0bfXD8nmF+Zn/Iow==",
            "dev": true,
            "license": "MIT"
        },
        "node_modules/@tsconfig/node16": {
            "version": "1.0.4",
            "resolved": "https://registry.npmjs.org/@tsconfig/node16/-/node16-1.0.4.tgz",
            "integrity": "sha512-vxhUy4J8lyeyinH7Azl1pdd43GJhZH/tP2weN8TntQblOY+A0XbT8DJk1/oCPuOOyg/Ja757rG0CgHcWC8OfMA==",
            "dev": true,
            "license": "MIT"
        },
        "node_modules/@types/json5": {
            "version": "0.0.29",
            "resolved": "https://registry.npmjs.org/@types/json5/-/json5-0.0.29.tgz",
            "integrity": "sha512-dRLjCWHYg4oaA77cxO64oO+7JwCwnIzkZPdrrC71jQmQtlhM556pwKo5bUzqvZndkVbeFLIIi+9TC40JNF5hNQ==",
            "dev": true,
            "license": "MIT"
        },
        "node_modules/@types/lodash": {
            "version": "4.17.13",
            "resolved": "https://registry.npmjs.org/@types/lodash/-/lodash-4.17.13.tgz",
            "integrity": "sha512-lfx+dftrEZcdBPczf9d0Qv0x+j/rfNCMuC6OcfXmO8gkfeNAY88PgKUbvG56whcN23gc27yenwF6oJZXGFpYxg==",
            "dev": true,
            "license": "MIT"
        },
        "node_modules/@types/node": {
            "version": "16.18.121",
            "resolved": "https://registry.npmjs.org/@types/node/-/node-16.18.121.tgz",
            "integrity": "sha512-Gk/pOy8H0cvX8qNrwzElYIECpcUn87w4EAEFXFvPJ8qsP9QR/YqukUORSy0zmyDyvdo149idPpy4W6iC5aSbQA==",
            "dev": true,
            "license": "MIT"
        },
        "node_modules/acorn": {
            "version": "8.14.0",
            "resolved": "https://registry.npmjs.org/acorn/-/acorn-8.14.0.tgz",
            "integrity": "sha512-cl669nCJTZBsL97OF4kUQm5g5hC2uihk0NxY3WENAC0TYdILVkAyHymAntgxGkl7K+t0cXIrH5siy5S4XkFycA==",
            "dev": true,
            "license": "MIT",
            "bin": {
                "acorn": "bin/acorn"
            },
            "engines": {
                "node": ">=0.4.0"
            }
        },
        "node_modules/acorn-walk": {
            "version": "8.3.4",
            "resolved": "https://registry.npmjs.org/acorn-walk/-/acorn-walk-8.3.4.tgz",
            "integrity": "sha512-ueEepnujpqee2o5aIYnvHU6C0A42MNdsIDeqy5BydrkuC5R1ZuUFnm27EeFJGoEHJQgn3uleRvmTXaJgfXbt4g==",
            "dev": true,
            "license": "MIT",
            "dependencies": {
                "acorn": "^8.11.0"
            },
            "engines": {
                "node": ">=0.4.0"
            }
        },
        "node_modules/arg": {
            "version": "4.1.3",
            "resolved": "https://registry.npmjs.org/arg/-/arg-4.1.3.tgz",
            "integrity": "sha512-58S9QDqG0Xx27YwPSt9fJxivjYl432YCwfDMfZ+71RAqUrZef7LrKQZ3LHLOwCS4FLNBplP533Zx895SeOCHvA==",
            "dev": true,
            "license": "MIT"
        },
        "node_modules/create-require": {
            "version": "1.1.1",
            "resolved": "https://registry.npmjs.org/create-require/-/create-require-1.1.1.tgz",
            "integrity": "sha512-dcKFX3jn0MpIaXjisoRvexIJVEKzaq7z2rZKxf+MSr9TkdmHmsU4m2lcLojrj/FHl8mk5VxMmYA+ftRkP/3oKQ==",
            "dev": true,
            "license": "MIT"
        },
        "node_modules/cross-spawn": {
            "version": "7.0.6",
            "resolved": "https://registry.npmjs.org/cross-spawn/-/cross-spawn-7.0.6.tgz",
            "integrity": "sha512-uV2QOWP2nWzsy2aMp8aRibhi9dlzF5Hgh5SHaB9OiTGEyDTiJJyx0uy51QXdyWbtAHNua4XJzUKca3OzKUd3vA==",
            "dev": true,
            "license": "MIT",
            "dependencies": {
                "path-key": "^3.1.0",
                "shebang-command": "^2.0.0",
                "which": "^2.0.1"
            },
            "engines": {
                "node": ">= 8"
            }
        },
        "node_modules/diff": {
            "version": "4.0.2",
            "resolved": "https://registry.npmjs.org/diff/-/diff-4.0.2.tgz",
            "integrity": "sha512-58lmxKSA4BNyLz+HHMUzlOEpg09FV+ev6ZMe3vJihgdxzgcwZ8VoEEPmALCZG9LmqfVoNMMKpttIYTVG6uDY7A==",
            "dev": true,
            "license": "BSD-3-Clause",
            "engines": {
                "node": ">=0.3.1"
            }
        },
        "node_modules/dijkstrajs": {
            "version": "1.0.3",
            "resolved": "https://registry.npmjs.org/dijkstrajs/-/dijkstrajs-1.0.3.tgz",
            "integrity": "sha512-qiSlmBq9+BCdCA/L46dw8Uy93mloxsPSbwnm5yrKn2vMPiy8KyAskTF6zuV/j5BMsmOGZDPs7KjU+mjb670kfA==",
            "dev": true,
            "license": "MIT"
        },
        "node_modules/end-of-stream": {
            "version": "1.4.4",
            "resolved": "https://registry.npmjs.org/end-of-stream/-/end-of-stream-1.4.4.tgz",
            "integrity": "sha512-+uw1inIHVPQoaVuHzRyXd21icM+cnt4CzD5rW+NC1wjOUSTOs+Te7FOv7AhN7vS9x/oIyhLP5PR1H+phQAHu5Q==",
            "dev": true,
            "license": "MIT",
            "dependencies": {
                "once": "^1.4.0"
            }
        },
        "node_modules/execa": {
            "version": "4.1.0",
            "resolved": "https://registry.npmjs.org/execa/-/execa-4.1.0.tgz",
            "integrity": "sha512-j5W0//W7f8UxAn8hXVnwG8tLwdiUy4FJLcSupCg6maBYZDpyBvTApK7KyuI4bKj8KOh1r2YH+6ucuYtJv1bTZA==",
            "dev": true,
            "license": "MIT",
            "dependencies": {
                "cross-spawn": "^7.0.0",
                "get-stream": "^5.0.0",
                "human-signals": "^1.1.1",
                "is-stream": "^2.0.0",
                "merge-stream": "^2.0.0",
                "npm-run-path": "^4.0.0",
                "onetime": "^5.1.0",
                "signal-exit": "^3.0.2",
                "strip-final-newline": "^2.0.0"
            },
            "engines": {
                "node": ">=10"
            },
            "funding": {
                "url": "https://github.com/sindresorhus/execa?sponsor=1"
            }
        },
        "node_modules/find-up": {
            "version": "4.1.0",
            "resolved": "https://registry.npmjs.org/find-up/-/find-up-4.1.0.tgz",
            "integrity": "sha512-PpOwAdQ/YlXQ2vj8a3h8IipDuYRi3wceVQQGYWxNINccq40Anw7BlsEXCMbt1Zt+OLA6Fq9suIpIWD0OsnISlw==",
            "dev": true,
            "license": "MIT",
            "dependencies": {
                "locate-path": "^5.0.0",
                "path-exists": "^4.0.0"
            },
            "engines": {
                "node": ">=8"
            }
        },
        "node_modules/get-stream": {
            "version": "5.2.0",
            "resolved": "https://registry.npmjs.org/get-stream/-/get-stream-5.2.0.tgz",
            "integrity": "sha512-nBF+F1rAZVCu/p7rjzgA+Yb4lfYXrpl7a6VmJrU8wF9I1CKvP/QwPNZHnOlwbTkY6dvtFIzFMSyQXbLoTQPRpA==",
            "dev": true,
            "license": "MIT",
            "dependencies": {
                "pump": "^3.0.0"
            },
            "engines": {
                "node": ">=8"
            },
            "funding": {
                "url": "https://github.com/sponsors/sindresorhus"
            }
        },
        "node_modules/human-signals": {
            "version": "1.1.1",
            "resolved": "https://registry.npmjs.org/human-signals/-/human-signals-1.1.1.tgz",
            "integrity": "sha512-SEQu7vl8KjNL2eoGBLF3+wAjpsNfA9XMlXAYj/3EdaNfAlxKthD1xjEQfGOUhllCGGJVNY34bRr6lPINhNjyZw==",
            "dev": true,
            "license": "Apache-2.0",
            "engines": {
                "node": ">=8.12.0"
            }
        },
        "node_modules/husky": {
            "version": "8.0.3",
            "resolved": "https://registry.npmjs.org/husky/-/husky-8.0.3.tgz",
            "integrity": "sha512-+dQSyqPh4x1hlO1swXBiNb2HzTDN1I2IGLQx1GrBuiqFJfoMrnZWwVmatvSiO+Iz8fBUnf+lekwNo4c2LlXItg==",
            "dev": true,
            "license": "MIT",
            "bin": {
                "husky": "lib/bin.js"
            },
            "engines": {
                "node": ">=14"
            },
            "funding": {
                "url": "https://github.com/sponsors/typicode"
            }
        },
        "node_modules/ignore": {
            "version": "5.3.2",
            "resolved": "https://registry.npmjs.org/ignore/-/ignore-5.3.2.tgz",
            "integrity": "sha512-hsBTNUqQTDwkWtcdYI2i06Y/nUBEsNEDJKjWdigLvegy8kDuJAS8uRlpkkcQpyEXL0Z/pjDy5HBmMjRCJ2gq+g==",
            "dev": true,
            "license": "MIT",
            "engines": {
                "node": ">= 4"
            }
        },
        "node_modules/is-stream": {
            "version": "2.0.1",
            "resolved": "https://registry.npmjs.org/is-stream/-/is-stream-2.0.1.tgz",
            "integrity": "sha512-hFoiJiTl63nn+kstHGBtewWSKnQLpyb155KHheA1l39uvtO9nWIop1p3udqPcUd/xbF1VLMO4n7OI6p7RbngDg==",
            "dev": true,
            "license": "MIT",
            "engines": {
                "node": ">=8"
            },
            "funding": {
                "url": "https://github.com/sponsors/sindresorhus"
            }
        },
        "node_modules/isexe": {
            "version": "2.0.0",
            "resolved": "https://registry.npmjs.org/isexe/-/isexe-2.0.0.tgz",
            "integrity": "sha512-RHxMLp9lnKHGHRng9QFhRCMbYAcVpn69smSGcq3f36xjgVVWThj4qqLbTLlq7Ssj8B+fIQ1EuCEGI2lKsyQeIw==",
            "dev": true,
            "license": "ISC"
        },
        "node_modules/json5": {
            "version": "1.0.2",
            "resolved": "https://registry.npmjs.org/json5/-/json5-1.0.2.tgz",
            "integrity": "sha512-g1MWMLBiz8FKi1e4w0UyVL3w+iJceWAFBAaBnnGKOpNa5f8TLktkbre1+s6oICydWAm+HRUGTmI+//xv2hvXYA==",
            "dev": true,
            "license": "MIT",
            "dependencies": {
                "minimist": "^1.2.0"
            },
            "bin": {
                "json5": "lib/cli.js"
            }
        },
        "node_modules/locate-path": {
            "version": "5.0.0",
            "resolved": "https://registry.npmjs.org/locate-path/-/locate-path-5.0.0.tgz",
            "integrity": "sha512-t7hw9pI+WvuwNJXwk5zVHpyhIqzg2qTlklJOf0mVxGSbe3Fp2VieZcduNYjaLDoy6p9uGpQEGWG87WpMKlNq8g==",
            "dev": true,
            "license": "MIT",
            "dependencies": {
                "p-locate": "^4.1.0"
            },
            "engines": {
                "node": ">=8"
            }
        },
        "node_modules/lodash": {
            "version": "4.17.21",
            "resolved": "https://registry.npmjs.org/lodash/-/lodash-4.17.21.tgz",
            "integrity": "sha512-v2kDEe57lecTulaDIuNTPy3Ry4gLGJ6Z1O3vE1krgXZNrsQ+LFTGHVxVjcXPs17LhbZVGedAJv8XZ1tvj5FvSg==",
            "dev": true,
            "license": "MIT"
        },
        "node_modules/make-error": {
            "version": "1.3.6",
            "resolved": "https://registry.npmjs.org/make-error/-/make-error-1.3.6.tgz",
            "integrity": "sha512-s8UhlNe7vPKomQhC1qFelMokr/Sc3AgNbso3n74mVPA5LTZwkB9NlXf4XPamLxJE8h0gh73rM94xvwRT2CVInw==",
            "dev": true,
            "license": "ISC"
        },
        "node_modules/merge-stream": {
            "version": "2.0.0",
            "resolved": "https://registry.npmjs.org/merge-stream/-/merge-stream-2.0.0.tgz",
            "integrity": "sha512-abv/qOcuPfk3URPfDzmZU1LKmuw8kT+0nIHvKrKgFrwifol/doWcdA4ZqsWQ8ENrFKkd67Mfpo/LovbIUsbt3w==",
            "dev": true,
            "license": "MIT"
        },
        "node_modules/mimic-fn": {
            "version": "2.1.0",
            "resolved": "https://registry.npmjs.org/mimic-fn/-/mimic-fn-2.1.0.tgz",
            "integrity": "sha512-OqbOk5oEQeAZ8WXWydlu9HJjz9WVdEIvamMCcXmuqUYjTknH/sqsWvhQ3vgwKFRR1HpjvNBKQ37nbJgYzGqGcg==",
            "dev": true,
            "license": "MIT",
            "engines": {
                "node": ">=6"
            }
        },
        "node_modules/minimist": {
            "version": "1.2.8",
            "resolved": "https://registry.npmjs.org/minimist/-/minimist-1.2.8.tgz",
            "integrity": "sha512-2yyAR8qBkN3YuheJanUpWC5U3bb5osDywNB8RzDVlDwDHbocAJveqqj1u8+SVD7jkWT4yvsHCpWqqWqAxb0zCA==",
            "dev": true,
            "license": "MIT",
            "funding": {
                "url": "https://github.com/sponsors/ljharb"
            }
        },
        "node_modules/mri": {
            "version": "1.2.0",
            "resolved": "https://registry.npmjs.org/mri/-/mri-1.2.0.tgz",
            "integrity": "sha512-tzzskb3bG8LvYGFF/mDTpq3jpI6Q9wc3LEmBaghu+DdCssd1FakN7Bc0hVNmEyGq1bq3RgfkCb3cmQLpNPOroA==",
            "dev": true,
            "license": "MIT",
            "engines": {
                "node": ">=4"
            }
        },
        "node_modules/npm-run-path": {
            "version": "4.0.1",
            "resolved": "https://registry.npmjs.org/npm-run-path/-/npm-run-path-4.0.1.tgz",
            "integrity": "sha512-S48WzZW777zhNIrn7gxOlISNAqi9ZC/uQFnRdbeIHhZhCA6UqpkOT8T1G7BvfdgP4Er8gF4sUbaS0i7QvIfCWw==",
            "dev": true,
            "license": "MIT",
            "dependencies": {
                "path-key": "^3.0.0"
            },
            "engines": {
                "node": ">=8"
            }
        },
        "node_modules/once": {
            "version": "1.4.0",
            "resolved": "https://registry.npmjs.org/once/-/once-1.4.0.tgz",
            "integrity": "sha512-lNaJgI+2Q5URQBkccEKHTQOPaXdUxnZZElQTZY0MFUAuaEqe1E+Nyvgdz/aIyNi6Z9MzO5dv1H8n58/GELp3+w==",
            "dev": true,
            "license": "ISC",
            "dependencies": {
                "wrappy": "1"
            }
        },
        "node_modules/onetime": {
            "version": "5.1.2",
            "resolved": "https://registry.npmjs.org/onetime/-/onetime-5.1.2.tgz",
            "integrity": "sha512-kbpaSSGJTWdAY5KPVeMOKXSrPtr8C8C7wodJbcsd51jRnmD+GZu8Y0VoU6Dm5Z4vWr0Ig/1NKuWRKf7j5aaYSg==",
            "dev": true,
            "license": "MIT",
            "dependencies": {
                "mimic-fn": "^2.1.0"
            },
            "engines": {
                "node": ">=6"
            },
            "funding": {
                "url": "https://github.com/sponsors/sindresorhus"
            }
        },
        "node_modules/p-limit": {
            "version": "2.3.0",
            "resolved": "https://registry.npmjs.org/p-limit/-/p-limit-2.3.0.tgz",
            "integrity": "sha512-//88mFWSJx8lxCzwdAABTJL2MyWB12+eIY7MDL2SqLmAkeKU9qxRvWuSyTjm3FUmpBEMuFfckAIqEaVGUDxb6w==",
            "dev": true,
            "license": "MIT",
            "dependencies": {
                "p-try": "^2.0.0"
            },
            "engines": {
                "node": ">=6"
            },
            "funding": {
                "url": "https://github.com/sponsors/sindresorhus"
            }
        },
        "node_modules/p-locate": {
            "version": "4.1.0",
            "resolved": "https://registry.npmjs.org/p-locate/-/p-locate-4.1.0.tgz",
            "integrity": "sha512-R79ZZ/0wAxKGu3oYMlz8jy/kbhsNrS7SKZ7PxEHBgJ5+F2mtFW2fK2cOtBh1cHYkQsbzFV7I+EoRKe6Yt0oK7A==",
            "dev": true,
            "license": "MIT",
            "dependencies": {
                "p-limit": "^2.2.0"
            },
            "engines": {
                "node": ">=8"
            }
        },
        "node_modules/p-try": {
            "version": "2.2.0",
            "resolved": "https://registry.npmjs.org/p-try/-/p-try-2.2.0.tgz",
            "integrity": "sha512-R4nPAVTAU0B9D35/Gk3uJf/7XYbQcyohSKdvAxIRSNghFl4e71hVoGnBNQz9cWaXxO2I10KTC+3jMdvvoKw6dQ==",
            "dev": true,
            "license": "MIT",
            "engines": {
                "node": ">=6"
            }
        },
        "node_modules/path-exists": {
            "version": "4.0.0",
            "resolved": "https://registry.npmjs.org/path-exists/-/path-exists-4.0.0.tgz",
            "integrity": "sha512-ak9Qy5Q7jYb2Wwcey5Fpvg2KoAc/ZIhLSLOSBmRmygPsGwkVVt0fZa0qrtMz+m6tJTAHfZQ8FnmB4MG4LWy7/w==",
            "dev": true,
            "license": "MIT",
            "engines": {
                "node": ">=8"
            }
        },
        "node_modules/path-key": {
            "version": "3.1.1",
            "resolved": "https://registry.npmjs.org/path-key/-/path-key-3.1.1.tgz",
            "integrity": "sha512-ojmeN0qd+y0jszEtoY48r0Peq5dwMEkIlCOu6Q5f41lfkswXuKtYrhgoTpLnyIcHm24Uhqx+5Tqm2InSwLhE6Q==",
            "dev": true,
            "license": "MIT",
            "engines": {
                "node": ">=8"
            }
        },
        "node_modules/picocolors": {
            "version": "1.1.1",
            "resolved": "https://registry.npmjs.org/picocolors/-/picocolors-1.1.1.tgz",
            "integrity": "sha512-xceH2snhtb5M9liqDsmEw56le376mTZkEX/jEb/RxNFyegNul7eNslCXP9FDj/Lcu0X8KEyMceP2ntpaHrDEVA==",
            "dev": true,
            "license": "ISC"
        },
        "node_modules/picomatch": {
            "version": "3.0.1",
            "resolved": "https://registry.npmjs.org/picomatch/-/picomatch-3.0.1.tgz",
            "integrity": "sha512-I3EurrIQMlRc9IaAZnqRR044Phh2DXY+55o7uJ0V+hYZAcQYSuFWsc9q5PvyDHUSCe1Qxn/iBz+78s86zWnGag==",
            "dev": true,
            "license": "MIT",
            "engines": {
                "node": ">=10"
            },
            "funding": {
                "url": "https://github.com/sponsors/jonschlinkert"
            }
        },
        "node_modules/prettier": {
            "version": "2.8.8",
            "resolved": "https://registry.npmjs.org/prettier/-/prettier-2.8.8.tgz",
            "integrity": "sha512-tdN8qQGvNjw4CHbY+XXk0JgCXn9QiF21a55rBe5LJAU+kDyC4WQn4+awm2Xfk2lQMk5fKup9XgzTZtGkjBdP9Q==",
            "dev": true,
            "license": "MIT",
            "bin": {
                "prettier": "bin-prettier.js"
            },
            "engines": {
                "node": ">=10.13.0"
            },
            "funding": {
                "url": "https://github.com/prettier/prettier?sponsor=1"
            }
        },
        "node_modules/pretty-quick": {
            "version": "3.3.1",
            "resolved": "https://registry.npmjs.org/pretty-quick/-/pretty-quick-3.3.1.tgz",
            "integrity": "sha512-3b36UXfYQ+IXXqex6mCca89jC8u0mYLqFAN5eTQKoXO6oCQYcIVYZEB/5AlBHI7JPYygReM2Vv6Vom/Gln7fBg==",
            "dev": true,
            "license": "MIT",
            "dependencies": {
                "execa": "^4.1.0",
                "find-up": "^4.1.0",
                "ignore": "^5.3.0",
                "mri": "^1.2.0",
                "picocolors": "^1.0.0",
                "picomatch": "^3.0.1",
                "tslib": "^2.6.2"
            },
            "bin": {
                "pretty-quick": "dist/cli.js"
            },
            "engines": {
                "node": ">=10.13"
            },
            "peerDependencies": {
                "prettier": "^2.0.0"
            }
        },
        "node_modules/pump": {
            "version": "3.0.2",
            "resolved": "https://registry.npmjs.org/pump/-/pump-3.0.2.tgz",
            "integrity": "sha512-tUPXtzlGM8FE3P0ZL6DVs/3P58k9nk8/jZeQCurTJylQA8qFYzHFfhBJkuqyE0FifOsQ0uKWekiZ5g8wtr28cw==",
            "dev": true,
            "license": "MIT",
            "dependencies": {
                "end-of-stream": "^1.1.0",
                "once": "^1.3.1"
            }
        },
        "node_modules/regenerator-runtime": {
            "version": "0.14.1",
            "resolved": "https://registry.npmjs.org/regenerator-runtime/-/regenerator-runtime-0.14.1.tgz",
            "integrity": "sha512-dYnhHh0nJoMfnkZs6GmmhFknAGRrLznOu5nc9ML+EJxGvrx6H7teuevqVqCuPcPK//3eDrrjQhehXVx9cnkGdw==",
            "dev": true,
            "license": "MIT"
        },
        "node_modules/shebang-command": {
            "version": "2.0.0",
            "resolved": "https://registry.npmjs.org/shebang-command/-/shebang-command-2.0.0.tgz",
            "integrity": "sha512-kHxr2zZpYtdmrN1qDjrrX/Z1rR1kG8Dx+gkpK1G4eXmvXswmcE1hTWBWYUzlraYw1/yZp6YuDY77YtvbN0dmDA==",
            "dev": true,
            "license": "MIT",
            "dependencies": {
                "shebang-regex": "^3.0.0"
            },
            "engines": {
                "node": ">=8"
            }
        },
        "node_modules/shebang-regex": {
            "version": "3.0.0",
            "resolved": "https://registry.npmjs.org/shebang-regex/-/shebang-regex-3.0.0.tgz",
            "integrity": "sha512-7++dFhtcx3353uBaq8DDR4NuxBetBzC7ZQOhmTQInHEd6bSrXdiEyzCvG07Z44UYdLShWUyXt5M/yhz8ekcb1A==",
            "dev": true,
            "license": "MIT",
            "engines": {
                "node": ">=8"
            }
        },
        "node_modules/signal-exit": {
            "version": "3.0.7",
            "resolved": "https://registry.npmjs.org/signal-exit/-/signal-exit-3.0.7.tgz",
            "integrity": "sha512-wnD2ZE+l+SPC/uoS0vXeE9L1+0wuaMqKlfz9AMUo38JsyLSBWSFcHR1Rri62LZc12vLr1gb3jl7iwQhgwpAbGQ==",
            "dev": true,
            "license": "ISC"
        },
        "node_modules/strip-bom": {
            "version": "3.0.0",
            "resolved": "https://registry.npmjs.org/strip-bom/-/strip-bom-3.0.0.tgz",
            "integrity": "sha512-vavAMRXOgBVNF6nyEEmL3DBK19iRpDcoIwW+swQ+CbGiu7lju6t+JklA1MHweoWtadgt4ISVUsXLyDq34ddcwA==",
            "dev": true,
            "license": "MIT",
            "engines": {
                "node": ">=4"
            }
        },
        "node_modules/strip-final-newline": {
            "version": "2.0.0",
            "resolved": "https://registry.npmjs.org/strip-final-newline/-/strip-final-newline-2.0.0.tgz",
            "integrity": "sha512-BrpvfNAE3dcvq7ll3xVumzjKjZQ5tI1sEUIKr3Uoks0XUl45St3FlatVqef9prk4jRDzhW6WZg+3bk93y6pLjA==",
            "dev": true,
            "license": "MIT",
            "engines": {
                "node": ">=6"
            }
        },
        "node_modules/ts-node": {
            "version": "10.9.2",
            "resolved": "https://registry.npmjs.org/ts-node/-/ts-node-10.9.2.tgz",
            "integrity": "sha512-f0FFpIdcHgn8zcPSbf1dRevwt047YMnaiJM3u2w2RewrB+fob/zePZcrOyQoLMMO7aBIddLcQIEK5dYjkLnGrQ==",
            "dev": true,
            "license": "MIT",
            "dependencies": {
                "@cspotcode/source-map-support": "^0.8.0",
                "@tsconfig/node10": "^1.0.7",
                "@tsconfig/node12": "^1.0.7",
                "@tsconfig/node14": "^1.0.0",
                "@tsconfig/node16": "^1.0.2",
                "acorn": "^8.4.1",
                "acorn-walk": "^8.1.1",
                "arg": "^4.1.0",
                "create-require": "^1.1.0",
                "diff": "^4.0.1",
                "make-error": "^1.1.1",
                "v8-compile-cache-lib": "^3.0.1",
                "yn": "3.1.1"
            },
            "bin": {
                "ts-node": "dist/bin.js",
                "ts-node-cwd": "dist/bin-cwd.js",
                "ts-node-esm": "dist/bin-esm.js",
                "ts-node-script": "dist/bin-script.js",
                "ts-node-transpile-only": "dist/bin-transpile.js",
                "ts-script": "dist/bin-script-deprecated.js"
            },
            "peerDependencies": {
                "@swc/core": ">=1.2.50",
                "@swc/wasm": ">=1.2.50",
                "@types/node": "*",
                "typescript": ">=2.7"
            },
            "peerDependenciesMeta": {
                "@swc/core": {
                    "optional": true
                },
                "@swc/wasm": {
                    "optional": true
                }
            }
        },
        "node_modules/tsconfig-paths": {
            "version": "3.15.0",
            "resolved": "https://registry.npmjs.org/tsconfig-paths/-/tsconfig-paths-3.15.0.tgz",
            "integrity": "sha512-2Ac2RgzDe/cn48GvOe3M+o82pEFewD3UPbyoUHHdKasHwJKjds4fLXWf/Ux5kATBKN20oaFGu+jbElp1pos0mg==",
            "dev": true,
            "license": "MIT",
            "dependencies": {
                "@types/json5": "^0.0.29",
                "json5": "^1.0.2",
                "minimist": "^1.2.6",
                "strip-bom": "^3.0.0"
            }
        },
        "node_modules/tslib": {
            "version": "2.8.1",
            "resolved": "https://registry.npmjs.org/tslib/-/tslib-2.8.1.tgz",
            "integrity": "sha512-oJFu94HQb+KVduSUQL7wnpmqnfmLsOA/nAh6b6EH0wCEoK0/mPeXU6c3wKDV83MkOuHPRHtSXKKU99IBazS/2w==",
            "dev": true,
            "license": "0BSD"
        },
        "node_modules/typescript": {
            "version": "5.7.2",
            "resolved": "https://registry.npmjs.org/typescript/-/typescript-5.7.2.tgz",
            "integrity": "sha512-i5t66RHxDvVN40HfDd1PsEThGNnlMCMT3jMUuoh9/0TaqWevNontacunWyN02LA9/fIbEWlcHZcgTKb9QoaLfg==",
            "dev": true,
            "license": "Apache-2.0",
            "bin": {
                "tsc": "bin/tsc",
                "tsserver": "bin/tsserver"
            },
            "engines": {
                "node": ">=14.17"
            }
        },
        "node_modules/v8-compile-cache-lib": {
            "version": "3.0.1",
            "resolved": "https://registry.npmjs.org/v8-compile-cache-lib/-/v8-compile-cache-lib-3.0.1.tgz",
            "integrity": "sha512-wa7YjyUGfNZngI/vtK0UHAN+lgDCxBPCylVXGp0zu59Fz5aiGtNXaq3DhIov063MorB+VfufLh3JlF2KdTK3xg==",
            "dev": true,
            "license": "MIT"
        },
        "node_modules/which": {
            "version": "2.0.2",
            "resolved": "https://registry.npmjs.org/which/-/which-2.0.2.tgz",
            "integrity": "sha512-BLI3Tl1TW3Pvl70l3yq3Y64i+awpwXqsGBYWkkqMtnbXgrMD+yj7rhW0kuEDxzJaYXGjEW5ogapKNMEKNMjibA==",
            "dev": true,
            "license": "ISC",
            "dependencies": {
                "isexe": "^2.0.0"
            },
            "bin": {
                "node-which": "bin/node-which"
            },
            "engines": {
                "node": ">= 8"
            }
        },
        "node_modules/wrappy": {
            "version": "1.0.2",
            "resolved": "https://registry.npmjs.org/wrappy/-/wrappy-1.0.2.tgz",
            "integrity": "sha512-l4Sp/DRseor9wL6EvV2+TuQn63dMkPjZ/sp9XkghTEbV9KlPS1xUsZ3u7/IQO4wxtcFB4bgpQPRcR3QCvezPcQ==",
            "dev": true,
            "license": "ISC"
        },
        "node_modules/yn": {
            "version": "3.1.1",
            "resolved": "https://registry.npmjs.org/yn/-/yn-3.1.1.tgz",
            "integrity": "sha512-Ux4ygGWsu2c7isFWe8Yu1YluJmqVhxqK2cLXNQA5AcC3QfbGNpM7fu0Y8b/z16pXLnFxZYvWhd3fhBY9DLmC6Q==",
            "dev": true,
            "license": "MIT",
            "engines": {
                "node": ">=6"
            }
        }
    }
}
